{
  "name": "stocksafe_vue_v1",
  "version": "0.1.0",
  "lockfileVersion": 2,
  "requires": true,
  "packages": {
    "": {
      "name": "stocksafe_vue_v1",
      "version": "0.1.0",
      "dependencies": {
        "axios": "^0.24.0",
        "bootstrap": "^4.6.1",
        "bootstrap-icons": "^1.7.2",
        "bootstrap-vue": "^2.21.2",
        "chart.js": "^3.6.2",
        "core-js": "^3.6.5",
        "serve": "^13.0.2",
        "startbootstrap-sb-admin-2": "^4.1.4",
        "vue": "^2.6.11",
        "vue-router": "^3.2.0",
        "vue-simple-search-dropdown": "^1.0.1",
        "vuex": "^3.4.0",
        "vuex-persistedstate": "^4.1.0"
      },
      "devDependencies": {
        "@vue/cli-plugin-babel": "~4.5.0",
        "@vue/cli-plugin-eslint": "~4.5.0",
        "@vue/cli-plugin-router": "~4.5.0",
        "@vue/cli-plugin-vuex": "~4.5.0",
        "@vue/cli-service": "~4.5.0",
        "@vue/eslint-config-prettier": "^6.0.0",
        "babel-eslint": "^10.1.0",
        "eslint": "^6.7.2",
        "eslint-plugin-prettier": "^3.3.1",
        "eslint-plugin-vue": "^6.2.2",
        "prettier": "^2.2.1",
        "vue-template-compiler": "^2.6.11"
      }
    },
    "node_modules/@babel/code-frame": {
      "version": "7.16.0",
      "resolved": "https://registry.npmjs.org/@babel/code-frame/-/code-frame-7.16.0.tgz",
      "integrity": "sha512-IF4EOMEV+bfYwOmNxGzSnjR2EmQod7f1UXOpZM3l4i4o4QNwzjtJAu/HxdjHq0aYBvdqMuQEY1eg0nqW9ZPORA==",
      "dev": true,
      "dependencies": {
        "@babel/highlight": "^7.16.0"
      },
      "engines": {
        "node": ">=6.9.0"
      }
    },
    "node_modules/@babel/compat-data": {
      "version": "7.16.4",
      "resolved": "https://registry.npmjs.org/@babel/compat-data/-/compat-data-7.16.4.tgz",
      "integrity": "sha512-1o/jo7D+kC9ZjHX5v+EHrdjl3PhxMrLSOTGsOdHJ+KL8HCaEK6ehrVL2RS6oHDZp+L7xLirLrPmQtEng769J/Q==",
      "dev": true,
      "engines": {
        "node": ">=6.9.0"
      }
    },
    "node_modules/@babel/core": {
      "version": "7.16.5",
      "resolved": "https://registry.npmjs.org/@babel/core/-/core-7.16.5.tgz",
      "integrity": "sha512-wUcenlLzuWMZ9Zt8S0KmFwGlH6QKRh3vsm/dhDA3CHkiTA45YuG1XkHRcNRl73EFPXDp/d5kVOU0/y7x2w6OaQ==",
      "dev": true,
      "dependencies": {
        "@babel/code-frame": "^7.16.0",
        "@babel/generator": "^7.16.5",
        "@babel/helper-compilation-targets": "^7.16.3",
        "@babel/helper-module-transforms": "^7.16.5",
        "@babel/helpers": "^7.16.5",
        "@babel/parser": "^7.16.5",
        "@babel/template": "^7.16.0",
        "@babel/traverse": "^7.16.5",
        "@babel/types": "^7.16.0",
        "convert-source-map": "^1.7.0",
        "debug": "^4.1.0",
        "gensync": "^1.0.0-beta.2",
        "json5": "^2.1.2",
        "semver": "^6.3.0",
        "source-map": "^0.5.0"
      },
      "engines": {
        "node": ">=6.9.0"
      },
      "funding": {
        "type": "opencollective",
        "url": "https://opencollective.com/babel"
      }
    },
    "node_modules/@babel/generator": {
      "version": "7.16.5",
      "resolved": "https://registry.npmjs.org/@babel/generator/-/generator-7.16.5.tgz",
      "integrity": "sha512-kIvCdjZqcdKqoDbVVdt5R99icaRtrtYhYK/xux5qiWCBmfdvEYMFZ68QCrpE5cbFM1JsuArUNs1ZkuKtTtUcZA==",
      "dev": true,
      "dependencies": {
        "@babel/types": "^7.16.0",
        "jsesc": "^2.5.1",
        "source-map": "^0.5.0"
      },
      "engines": {
        "node": ">=6.9.0"
      }
    },
    "node_modules/@babel/helper-annotate-as-pure": {
      "version": "7.16.0",
      "resolved": "https://registry.npmjs.org/@babel/helper-annotate-as-pure/-/helper-annotate-as-pure-7.16.0.tgz",
      "integrity": "sha512-ItmYF9vR4zA8cByDocY05o0LGUkp1zhbTQOH1NFyl5xXEqlTJQCEJjieriw+aFpxo16swMxUnUiKS7a/r4vtHg==",
      "dev": true,
      "dependencies": {
        "@babel/types": "^7.16.0"
      },
      "engines": {
        "node": ">=6.9.0"
      }
    },
    "node_modules/@babel/helper-builder-binary-assignment-operator-visitor": {
      "version": "7.16.5",
      "resolved": "https://registry.npmjs.org/@babel/helper-builder-binary-assignment-operator-visitor/-/helper-builder-binary-assignment-operator-visitor-7.16.5.tgz",
      "integrity": "sha512-3JEA9G5dmmnIWdzaT9d0NmFRgYnWUThLsDaL7982H0XqqWr56lRrsmwheXFMjR+TMl7QMBb6mzy9kvgr1lRLUA==",
      "dev": true,
      "dependencies": {
        "@babel/helper-explode-assignable-expression": "^7.16.0",
        "@babel/types": "^7.16.0"
      },
      "engines": {
        "node": ">=6.9.0"
      }
    },
    "node_modules/@babel/helper-compilation-targets": {
      "version": "7.16.3",
      "resolved": "https://registry.npmjs.org/@babel/helper-compilation-targets/-/helper-compilation-targets-7.16.3.tgz",
      "integrity": "sha512-vKsoSQAyBmxS35JUOOt+07cLc6Nk/2ljLIHwmq2/NM6hdioUaqEXq/S+nXvbvXbZkNDlWOymPanJGOc4CBjSJA==",
      "dev": true,
      "dependencies": {
        "@babel/compat-data": "^7.16.0",
        "@babel/helper-validator-option": "^7.14.5",
        "browserslist": "^4.17.5",
        "semver": "^6.3.0"
      },
      "engines": {
        "node": ">=6.9.0"
      },
      "peerDependencies": {
        "@babel/core": "^7.0.0"
      }
    },
    "node_modules/@babel/helper-create-class-features-plugin": {
      "version": "7.16.5",
      "resolved": "https://registry.npmjs.org/@babel/helper-create-class-features-plugin/-/helper-create-class-features-plugin-7.16.5.tgz",
      "integrity": "sha512-NEohnYA7mkB8L5JhU7BLwcBdU3j83IziR9aseMueWGeAjblbul3zzb8UvJ3a1zuBiqCMObzCJHFqKIQE6hTVmg==",
      "dev": true,
      "dependencies": {
        "@babel/helper-annotate-as-pure": "^7.16.0",
        "@babel/helper-environment-visitor": "^7.16.5",
        "@babel/helper-function-name": "^7.16.0",
        "@babel/helper-member-expression-to-functions": "^7.16.5",
        "@babel/helper-optimise-call-expression": "^7.16.0",
        "@babel/helper-replace-supers": "^7.16.5",
        "@babel/helper-split-export-declaration": "^7.16.0"
      },
      "engines": {
        "node": ">=6.9.0"
      },
      "peerDependencies": {
        "@babel/core": "^7.0.0"
      }
    },
    "node_modules/@babel/helper-create-regexp-features-plugin": {
      "version": "7.16.0",
      "resolved": "https://registry.npmjs.org/@babel/helper-create-regexp-features-plugin/-/helper-create-regexp-features-plugin-7.16.0.tgz",
      "integrity": "sha512-3DyG0zAFAZKcOp7aVr33ddwkxJ0Z0Jr5V99y3I690eYLpukJsJvAbzTy1ewoCqsML8SbIrjH14Jc/nSQ4TvNPA==",
      "dev": true,
      "dependencies": {
        "@babel/helper-annotate-as-pure": "^7.16.0",
        "regexpu-core": "^4.7.1"
      },
      "engines": {
        "node": ">=6.9.0"
      },
      "peerDependencies": {
        "@babel/core": "^7.0.0"
      }
    },
    "node_modules/@babel/helper-define-polyfill-provider": {
      "version": "0.3.0",
      "resolved": "https://registry.npmjs.org/@babel/helper-define-polyfill-provider/-/helper-define-polyfill-provider-0.3.0.tgz",
      "integrity": "sha512-7hfT8lUljl/tM3h+izTX/pO3W3frz2ok6Pk+gzys8iJqDfZrZy2pXjRTZAvG2YmfHun1X4q8/UZRLatMfqc5Tg==",
      "dev": true,
      "dependencies": {
        "@babel/helper-compilation-targets": "^7.13.0",
        "@babel/helper-module-imports": "^7.12.13",
        "@babel/helper-plugin-utils": "^7.13.0",
        "@babel/traverse": "^7.13.0",
        "debug": "^4.1.1",
        "lodash.debounce": "^4.0.8",
        "resolve": "^1.14.2",
        "semver": "^6.1.2"
      },
      "peerDependencies": {
        "@babel/core": "^7.4.0-0"
      }
    },
    "node_modules/@babel/helper-environment-visitor": {
      "version": "7.16.5",
      "resolved": "https://registry.npmjs.org/@babel/helper-environment-visitor/-/helper-environment-visitor-7.16.5.tgz",
      "integrity": "sha512-ODQyc5AnxmZWm/R2W7fzhamOk1ey8gSguo5SGvF0zcB3uUzRpTRmM/jmLSm9bDMyPlvbyJ+PwPEK0BWIoZ9wjg==",
      "dev": true,
      "dependencies": {
        "@babel/types": "^7.16.0"
      },
      "engines": {
        "node": ">=6.9.0"
      }
    },
    "node_modules/@babel/helper-explode-assignable-expression": {
      "version": "7.16.0",
      "resolved": "https://registry.npmjs.org/@babel/helper-explode-assignable-expression/-/helper-explode-assignable-expression-7.16.0.tgz",
      "integrity": "sha512-Hk2SLxC9ZbcOhLpg/yMznzJ11W++lg5GMbxt1ev6TXUiJB0N42KPC+7w8a+eWGuqDnUYuwStJoZHM7RgmIOaGQ==",
      "dev": true,
      "dependencies": {
        "@babel/types": "^7.16.0"
      },
      "engines": {
        "node": ">=6.9.0"
      }
    },
    "node_modules/@babel/helper-function-name": {
      "version": "7.16.0",
      "resolved": "https://registry.npmjs.org/@babel/helper-function-name/-/helper-function-name-7.16.0.tgz",
      "integrity": "sha512-BZh4mEk1xi2h4HFjWUXRQX5AEx4rvaZxHgax9gcjdLWdkjsY7MKt5p0otjsg5noXw+pB+clMCjw+aEVYADMjog==",
      "dev": true,
      "dependencies": {
        "@babel/helper-get-function-arity": "^7.16.0",
        "@babel/template": "^7.16.0",
        "@babel/types": "^7.16.0"
      },
      "engines": {
        "node": ">=6.9.0"
      }
    },
    "node_modules/@babel/helper-get-function-arity": {
      "version": "7.16.0",
      "resolved": "https://registry.npmjs.org/@babel/helper-get-function-arity/-/helper-get-function-arity-7.16.0.tgz",
      "integrity": "sha512-ASCquNcywC1NkYh/z7Cgp3w31YW8aojjYIlNg4VeJiHkqyP4AzIvr4qx7pYDb4/s8YcsZWqqOSxgkvjUz1kpDQ==",
      "dev": true,
      "dependencies": {
        "@babel/types": "^7.16.0"
      },
      "engines": {
        "node": ">=6.9.0"
      }
    },
    "node_modules/@babel/helper-hoist-variables": {
      "version": "7.16.0",
      "resolved": "https://registry.npmjs.org/@babel/helper-hoist-variables/-/helper-hoist-variables-7.16.0.tgz",
      "integrity": "sha512-1AZlpazjUR0EQZQv3sgRNfM9mEVWPK3M6vlalczA+EECcPz3XPh6VplbErL5UoMpChhSck5wAJHthlj1bYpcmg==",
      "dev": true,
      "dependencies": {
        "@babel/types": "^7.16.0"
      },
      "engines": {
        "node": ">=6.9.0"
      }
    },
    "node_modules/@babel/helper-member-expression-to-functions": {
      "version": "7.16.5",
      "resolved": "https://registry.npmjs.org/@babel/helper-member-expression-to-functions/-/helper-member-expression-to-functions-7.16.5.tgz",
      "integrity": "sha512-7fecSXq7ZrLE+TWshbGT+HyCLkxloWNhTbU2QM1NTI/tDqyf0oZiMcEfYtDuUDCo528EOlt39G1rftea4bRZIw==",
      "dev": true,
      "dependencies": {
        "@babel/types": "^7.16.0"
      },
      "engines": {
        "node": ">=6.9.0"
      }
    },
    "node_modules/@babel/helper-module-imports": {
      "version": "7.16.0",
      "resolved": "https://registry.npmjs.org/@babel/helper-module-imports/-/helper-module-imports-7.16.0.tgz",
      "integrity": "sha512-kkH7sWzKPq0xt3H1n+ghb4xEMP8k0U7XV3kkB+ZGy69kDk2ySFW1qPi06sjKzFY3t1j6XbJSqr4mF9L7CYVyhg==",
      "dev": true,
      "dependencies": {
        "@babel/types": "^7.16.0"
      },
      "engines": {
        "node": ">=6.9.0"
      }
    },
    "node_modules/@babel/helper-module-transforms": {
      "version": "7.16.5",
      "resolved": "https://registry.npmjs.org/@babel/helper-module-transforms/-/helper-module-transforms-7.16.5.tgz",
      "integrity": "sha512-CkvMxgV4ZyyioElFwcuWnDCcNIeyqTkCm9BxXZi73RR1ozqlpboqsbGUNvRTflgZtFbbJ1v5Emvm+lkjMYY/LQ==",
      "dev": true,
      "dependencies": {
        "@babel/helper-environment-visitor": "^7.16.5",
        "@babel/helper-module-imports": "^7.16.0",
        "@babel/helper-simple-access": "^7.16.0",
        "@babel/helper-split-export-declaration": "^7.16.0",
        "@babel/helper-validator-identifier": "^7.15.7",
        "@babel/template": "^7.16.0",
        "@babel/traverse": "^7.16.5",
        "@babel/types": "^7.16.0"
      },
      "engines": {
        "node": ">=6.9.0"
      }
    },
    "node_modules/@babel/helper-optimise-call-expression": {
      "version": "7.16.0",
      "resolved": "https://registry.npmjs.org/@babel/helper-optimise-call-expression/-/helper-optimise-call-expression-7.16.0.tgz",
      "integrity": "sha512-SuI467Gi2V8fkofm2JPnZzB/SUuXoJA5zXe/xzyPP2M04686RzFKFHPK6HDVN6JvWBIEW8tt9hPR7fXdn2Lgpw=